<<<<<<< HEAD
﻿
Microsoft Visual Studio Solution File, Format Version 12.00
# Visual Studio 15
VisualStudioVersion = 15.0.28307.168
MinimumVisualStudioVersion = 10.0.40219.1
Project("{FAE04EC0-301F-11D3-BF4B-00C04F79EFBC}") = "YeniEmlak", "YeniEmlak\YeniEmlak.csproj", "{CCC7D1AF-2F4F-4744-9C17-CF7C61347809}"
EndProject
Global
	GlobalSection(SolutionConfigurationPlatforms) = preSolution
		Debug|Any CPU = Debug|Any CPU
		Release|Any CPU = Release|Any CPU
	EndGlobalSection
	GlobalSection(ProjectConfigurationPlatforms) = postSolution
		{CCC7D1AF-2F4F-4744-9C17-CF7C61347809}.Debug|Any CPU.ActiveCfg = Debug|Any CPU
		{CCC7D1AF-2F4F-4744-9C17-CF7C61347809}.Debug|Any CPU.Build.0 = Debug|Any CPU
		{CCC7D1AF-2F4F-4744-9C17-CF7C61347809}.Release|Any CPU.ActiveCfg = Release|Any CPU
		{CCC7D1AF-2F4F-4744-9C17-CF7C61347809}.Release|Any CPU.Build.0 = Release|Any CPU
	EndGlobalSection
	GlobalSection(SolutionProperties) = preSolution
		HideSolutionNode = FALSE
	EndGlobalSection
	GlobalSection(ExtensibilityGlobals) = postSolution
		SolutionGuid = {20688D8C-EF62-49C4-81D3-6BD9C1703F6C}
	EndGlobalSection
EndGlobal
=======
﻿
Microsoft Visual Studio Solution File, Format Version 12.00
# Visual Studio 15
VisualStudioVersion = 15.0.28307.168
MinimumVisualStudioVersion = 10.0.40219.1
Project("{FAE04EC0-301F-11D3-BF4B-00C04F79EFBC}") = "YeniEmlak", "YeniEmlak\YeniEmlak.csproj", "{CCC7D1AF-2F4F-4744-9C17-CF7C61347809}"
EndProject
Global
	GlobalSection(SolutionConfigurationPlatforms) = preSolution
		Debug|Any CPU = Debug|Any CPU
		Release|Any CPU = Release|Any CPU
	EndGlobalSection
	GlobalSection(ProjectConfigurationPlatforms) = postSolution
		{CCC7D1AF-2F4F-4744-9C17-CF7C61347809}.Debug|Any CPU.ActiveCfg = Debug|Any CPU
		{CCC7D1AF-2F4F-4744-9C17-CF7C61347809}.Debug|Any CPU.Build.0 = Debug|Any CPU
		{CCC7D1AF-2F4F-4744-9C17-CF7C61347809}.Release|Any CPU.ActiveCfg = Release|Any CPU
		{CCC7D1AF-2F4F-4744-9C17-CF7C61347809}.Release|Any CPU.Build.0 = Release|Any CPU
	EndGlobalSection
	GlobalSection(SolutionProperties) = preSolution
		HideSolutionNode = FALSE
	EndGlobalSection
	GlobalSection(ExtensibilityGlobals) = postSolution
		SolutionGuid = {20688D8C-EF62-49C4-81D3-6BD9C1703F6C}
	EndGlobalSection
EndGlobal
>>>>>>> a6338ffe060c15c90e0a149ba25fa79f0ffbe7b8
